// !$*UTF8*$!
{
	archiveVersion = 1;
	classes = {
	};
	objectVersion = 77;
	objects = {

/* Begin PBXBuildFile section */
		4C54C8D02FA802BF00EA7687 /* Quaynor in Frameworks */ = {isa = PBXBuildFile; productRef = 4C54C8D12FA802BF00EA7687 /* Quaynor */; };
/* End PBXBuildFile section */

/* Begin PBXContainerItemProxy section */
		4C54C8B22FA802BF00EA7687 /* PBXContainerItemProxy */ = {
			isa = PBXContainerItemProxy;
			containerPortal = 4C54C89A2FA802BE00EA7687 /* Project object */;
			proxyType = 1;
			remoteGlobalIDString = 4C54C8A12FA802BE00EA7687;
			remoteInfo = quaynor_swift;
		};
		4C54C8BC2FA802BF00EA7687 /* PBXContainerItemProxy */ = {
			isa = PBXContainerItemProxy;
			containerPortal = 4C54C89A2FA802BE00EA7687 /* Project object */;
			proxyType = 1;
			remoteGlobalIDString = 4C54C8A12FA802BE00EA7687;
			remoteInfo = quaynor_swift;
		};
/* End PBXContainerItemProxy section */

/* Begin PBXFileReference section */
		4C54C8A22FA802BE00EA7687 /* quaynor_swift.app */ = {isa = PBXFileReference; explicitFileType = wrapper.application; includeInIndex = 0; path = quaynor_swift.app; sourceTree = BUILT_PRODUCTS_DIR; };
		4C54C8B12FA802BF00EA7687 /* quaynor_swiftTests.xctest */ = {isa = PBXFileReference; explicitFileType = wrapper.cfbundle; includeInIndex = 0; path = quaynor_swiftTests.xctest; sourceTree = BUILT_PRODUCTS_DIR; };
		4C54C8BB2FA802BF00EA7687 /* quaynor_swiftUITests.xctest */ = {isa = PBXFileReference; explicitFileType = wrapper.cfbundle; includeInIndex = 0; path = quaynor_swiftUITests.xctest; sourceTree = BUILT_PRODUCTS_DIR; };
/* End PBXFileReference section */

/* Begin PBXFileSystemSynchronizedRootGroup section */
		4C54C8A42FA802BE00EA7687 /* quaynor_swift */ = {
			isa = PBXFileSystemSynchronizedRootGroup;
			path = quaynor_swift;
			sourceTree = "<group>";
		};
		4C54C8B42FA802BF00EA7687 /* quaynor_swiftTests */ = {
			isa = PBXFileSystemSynchronizedRootGroup;
			path = quaynor_swiftTests;
			sourceTree = "<group>";
		};
		4C54C8BE2FA802BF00EA7687 /* quaynor_swiftUITests */ = {
			isa = PBXFileSystemSynchronizedRootGroup;
			path = quaynor_swiftUITests;
			sourceTree = "<group>";
		};
/* End PBXFileSystemSynchronizedRootGroup section */

/* Begin PBXFrameworksBuildPhase section */
		4C54C89F2FA802BE00EA7687 /* Frameworks */ = {
			isa = PBXFrameworksBuildPhase;
			buildActionMask = 2147483647;
			files = (
				4C54C8D02FA802BF00EA7687 /* Quaynor in Frameworks */,
			);
			runOnlyForDeploymentPostprocessing = 0;
		};
		4C54C8AE2FA802BF00EA7687 /* Frameworks */ = {
			isa = PBXFrameworksBuildPhase;
			buildActionMask = 2147483647;
			files = (
			);
			runOnlyForDeploymentPostprocessing = 0;
		};
		4C54C8B82FA802BF00EA7687 /* Frameworks */ = {
			isa = PBXFrameworksBuildPhase;
			buildActionMask = 2147483647;
			files = (
			);
			runOnlyForDeploymentPostprocessing = 0;
		};
/* End PBXFrameworksBuildPhase section */

/* Begin PBXGroup section */
		4C54C8992FA802BE00EA7687 = {
			isa = PBXGroup;
			children = (
				4C54C8A42FA802BE00EA7687 /* quaynor_swift */,
				4C54C8B42FA802BF00EA7687 /* quaynor_swiftTests */,
				4C54C8BE2FA802BF00EA7687 /* quaynor_swiftUITests */,
				4C54C8A32FA802BE00EA7687 /* Products */,
			);
			sourceTree = "<group>";
		};
		4C54C8A32FA802BE00EA7687 /* Products */ = {
			isa = PBXGroup;
			children = (
				4C54C8A22FA802BE00EA7687 /* quaynor_swift.app */,
				4C54C8B12FA802BF00EA7687 /* quaynor_swiftTests.xctest */,
				4C54C8BB2FA802BF00EA7687 /* quaynor_swiftUITests.xctest */,
			);
			name = Products;
			sourceTree = "<group>";
		};
/* End PBXGroup section */

/* Begin PBXNativeTarget section */
		4C54C8A12FA802BE00EA7687 /* quaynor_swift */ = {
			isa = PBXNativeTarget;
			buildConfigurationList = 4C54C8C52FA802BF00EA7687 /* Build configuration list for PBXNativeTarget "quaynor_swift" */;
			buildPhases = (
				4C54C89E2FA802BE00EA7687 /* Sources */,
				4C54C89F2FA802BE00EA7687 /* Frameworks */,
				4C54C8A02FA802BE00EA7687 /* Resources */,
			);
			buildRules = (
			);
			dependencies = (
			);
			fileSystemSynchronizedGroups = (
				4C54C8A42FA802BE00EA7687 /* quaynor_swift */,
			);
			name = quaynor_swift;
			packageProductDependencies = (
				4C54C8D12FA802BF00EA7687 /* Quaynor */,
			);
			productName = quaynor_swift;
			productReference = 4C54C8A22FA802BE00EA7687 /* quaynor_swift.app */;
			productType = "com.apple.product-type.application";
		};
		4C54C8B02FA802BF00EA7687 /* quaynor_swiftTests */ = {
			isa = PBXNativeTarget;
			buildConfigurationList = 4C54C8C82FA802BF00EA7687 /* Build configuration list for PBXNativeTarget "quaynor_swiftTests" */;
			buildPhases = (
				4C54C8AD2FA802BF00EA7687 /* Sources */,
				4C54C8AE2FA802BF00EA7687 /* Frameworks */,
				4C54C8AF2FA802BF00EA7687 /* Resources */,
			);
			buildRules = (
			);
			dependencies = (
				4C54C8B32FA802BF00EA7687 /* PBXTargetDependency */,
			);
			fileSystemSynchronizedGroups = (
				4C54C8B42FA802BF00EA7687 /* quaynor_swiftTests */,
			);
			name = quaynor_swiftTests;
			packageProductDependencies = (
			);
			productName = quaynor_swiftTests;
			productReference = 4C54C8B12FA802BF00EA7687 /* quaynor_swiftTests.xctest */;
			productType = "com.apple.product-type.bundle.unit-test";
		};
		4C54C8BA2FA802BF00EA7687 /* quaynor_swiftUITests */ = {
			isa = PBXNativeTarget;
			buildConfigurationList = 4C54C8CB2FA802BF00EA7687 /* Build configuration list for PBXNativeTarget "quaynor_swiftUITests" */;
			buildPhases = (
				4C54C8B72FA802BF00EA7687 /* Sources */,
				4C54C8B82FA802BF00EA7687 /* Frameworks */,
				4C54C8B92FA802BF00EA7687 /* Resources */,
			);
			buildRules = (
			);
			dependencies = (
				4C54C8BD2FA802BF00EA7687 /* PBXTargetDependency */,
			);
			fileSystemSynchronizedGroups = (
				4C54C8BE2FA802BF00EA7687 /* quaynor_swiftUITests */,
			);
			name = quaynor_swiftUITests;
			packageProductDependencies = (
			);
			productName = quaynor_swiftUITests;
			productReference = 4C54C8BB2FA802BF00EA7687 /* quaynor_swiftUITests.xctest */;
			productType = "com.apple.product-type.bundle.ui-testing";
		};
/* End PBXNativeTarget section */

/* Begin PBXProject section */
		4C54C89A2FA802BE00EA7687 /* Project object */ = {
			isa = PBXProject;
			attributes = {
				BuildIndependentTargetsInParallel = 1;
				LastSwiftUpdateCheck = 2620;
				LastUpgradeCheck = 2620;
				TargetAttributes = {
					4C54C8A12FA802BE00EA7687 = {
						CreatedOnToolsVersion = 26.2;
					};
					4C54C8B02FA802BF00EA7687 = {
						CreatedOnToolsVersion = 26.2;
						TestTargetID = 4C54C8A12FA802BE00EA7687;
					};
					4C54C8BA2FA802BF00EA7687 = {
						CreatedOnToolsVersion = 26.2;
						TestTargetID = 4C54C8A12FA802BE00EA7687;
					};
				};
			};
			buildConfigurationList = 4C54C89D2FA802BE00EA7687 /* Build configuration list for PBXProject "quaynor_swift" */;
			developmentRegion = en;
			hasScannedForEncodings = 0;
			knownRegions = (
				en,
				Base,
			);
			mainGroup = 4C54C8992FA802BE00EA7687;
			minimizedProjectReferenceProxies = 1;
			preferredProjectObjectVersion = 77;
			productRefGroup = 4C54C8A32FA802BE00EA7687 /* Products */;
			projectDirPath = "";
			projectRoot = "";
			packageReferences = (
				4C54C8D22FA802BF00EA7687 /* XCRemoteSwiftPackageReference "quaynor" */,
			);
			targets = (
				4C54C8A12FA802BE00EA7687 /* quaynor_swift */,
				4C54C8B02FA802BF00EA7687 /* quaynor_swiftTests */,
				4C54C8BA2FA802BF00EA7687 /* quaynor_swiftUITests */,
			);
		};
/* End PBXProject section */

/* Begin PBXResourcesBuildPhase section */
		4C54C8A02FA802BE00EA7687 /* Resources */ = {
			isa = PBXResourcesBuildPhase;
			buildActionMask = 2147483647;
			files = (
			);
			runOnlyForDeploymentPostprocessing = 0;
		};
		4C54C8AF2FA802BF00EA7687 /* Resources */ = {
			isa = PBXResourcesBuildPhase;
			buildActionMask = 2147483647;
			files = (
			);
			runOnlyForDeploymentPostprocessing = 0;
		};
		4C54C8B92FA802BF00EA7687 /* Resources */ = {
			isa = PBXResourcesBuildPhase;
			buildActionMask = 2147483647;
			files = (
			);
			runOnlyForDeploymentPostprocessing = 0;
		};
/* End PBXResourcesBuildPhase section */

/* Begin PBXSourcesBuildPhase section */
		4C54C89E2FA802BE00EA7687 /* Sources */ = {
			isa = PBXSourcesBuildPhase;
			buildActionMask = 2147483647;
			files = (
			);
			runOnlyForDeploymentPostprocessing = 0;
		};
		4C54C8AD2FA802BF00EA7687 /* Sources */ = {
			isa = PBXSourcesBuildPhase;
			buildActionMask = 2147483647;
			files = (
			);
			runOnlyForDeploymentPostprocessing = 0;
		};
		4C54C8B72FA802BF00EA7687 /* Sources */ = {
			isa = PBXSourcesBuildPhase;
			buildActionMask = 2147483647;
			files = (
			);
			runOnlyForDeploymentPostprocessing = 0;
		};
/* End PBXSourcesBuildPhase section */

/* Begin PBXTargetDependency section */
		4C54C8B32FA802BF00EA7687 /* PBXTargetDependency */ = {
			isa = PBXTargetDependency;
			target = 4C54C8A12FA802BE00EA7687 /* quaynor_swift */;
			targetProxy = 4C54C8B22FA802BF00EA7687 /* PBXContainerItemProxy */;
		};
		4C54C8BD2FA802BF00EA7687 /* PBXTargetDependency */ = {
			isa = PBXTargetDependency;
			target = 4C54C8A12FA802BE00EA7687 /* quaynor_swift */;
			targetProxy = 4C54C8BC2FA802BF00EA7687 /* PBXContainerItemProxy */;
		};
/* End PBXTargetDependency section */

/* Begin XCRemoteSwiftPackageReference section */
		4C54C8D22FA802BF00EA7687 /* XCRemoteSwiftPackageReference "quaynor" */ = {
			isa = XCRemoteSwiftPackageReference;
			repositoryURL = "https://github.com/iBz-04/quaynor.git";
			requirement = {
				kind = upToNextMajorVersion;
				minimumVersion = 0.1.0;
			};
		};
/* End XCRemoteSwiftPackageReference section */

/* Begin XCSwiftPackageProductDependency section */
		4C54C8D12FA802BF00EA7687 /* Quaynor */ = {
			isa = XCSwiftPackageProductDependency;
			package = 4C54C8D22FA802BF00EA7687 /* XCRemoteSwiftPackageReference "quaynor" */;
			productName = Quaynor;
		};
/* End XCSwiftPackageProductDependency section */

/* Begin XCBuildConfiguration section */
		4C54C8C32FA802BF00EA7687 /* Debug */ = {
			isa = XCBuildConfiguration;
			buildSettings = {
				ALWAYS_SEARCH_USER_PATHS = NO;
				ASSETCATALOG_COMPILER_GENERATE_SWIFT_ASSET_SYMBOL_EXTENSIONS = YES;
				CLANG_ANALYZER_NONNULL = YES;
				CLANG_ANALYZER_NUMBER_OBJECT_CONVERSION = YES_AGGRESSIVE;
				CLANG_CXX_LANGUAGE_STANDARD = "gnu++20";
				CLANG_ENABLE_MODULES = YES;
				CLANG_ENABLE_OBJC_ARC = YES;
				CLANG_ENABLE_OBJC_WEAK = YES;
				CLANG_WARN_BLOCK_CAPTURE_AUTORELEASING = YES;
				CLANG_WARN_BOOL_CONVERSION = YES;
				CLANG_WARN_COMMA = YES;
				CLANG_WARN_CONSTANT_CONVERSION = YES;
				CLANG_WARN_DEPRECATED_OBJC_IMPLEMENTATIONS = YES;
				CLANG_WARN_DIRECT_OBJC_ISA_USAGE = YES_ERROR;
				CLANG_WARN_DOCUMENTATION_COMMENTS = YES;
				CLANG_WARN_EMPTY_BODY = YES;
				CLANG_WARN_ENUM_CONVERSION = YES;
				CLANG_WARN_INFINITE_RECURSION = YES;
				CLANG_WARN_INT_CONVERSION = YES;
				CLANG_WARN_NON_LITERAL_NULL_CONVERSION = YES;
				CLANG_WARN_OBJC_IMPLICIT_RETAIN_SELF = YES;
				CLANG_WARN_OBJC_LITERAL_CONVERSION = YES;
				CLANG_WARN_OBJC_ROOT_CLASS = YES_ERROR;
				CLANG_WARN_QUOTED_INCLUDE_IN_FRAMEWORK_HEADER = YES;
				CLANG_WARN_RANGE_LOOP_ANALYSIS = YES;
				CLANG_WARN_STRICT_PROTOTYPES = YES;
				CLANG_WARN_SUSPICIOUS_MOVE = YES;
				CLANG_WARN_UNGUARDED_AVAILABILITY = YES_AGGRESSIVE;
				CLANG_WARN_UNREACHABLE_CODE = YES;
				CLANG_WARN__DUPLICATE_METHOD_MATCH = YES;
				COPY_PHASE_STRIP = NO;
				DEBUG_INFORMATION_FORMAT = dwarf;
				DEVELOPMENT_TEAM = BJ9J6PJN8L;
				ENABLE_STRICT_OBJC_MSGSEND = YES;
				ENABLE_TESTABILITY = YES;
				ENABLE_USER_SCRIPT_SANDBOXING = YES;
				GCC_C_LANGUAGE_STANDARD = gnu17;
				GCC_DYNAMIC_NO_PIC = NO;
				GCC_NO_COMMON_BLOCKS = YES;
				GCC_OPTIMIZATION_LEVEL = 0;
				GCC_PREPROCESSOR_DEFINITIONS = (
					"DEBUG=1",
					"$(inherited)",
				);
				GCC_WARN_64_TO_32_BIT_CONVERSION = YES;
				GCC_WARN_ABOUT_RETURN_TYPE = YES_ERROR;
				GCC_WARN_UNDECLARED_SELECTOR = YES;
				GCC_WARN_UNINITIALIZED_AUTOS = YES_AGGRESSIVE;
				GCC_WARN_UNUSED_FUNCTION = YES;
				GCC_WARN_UNUSED_VARIABLE = YES;
				IPHONEOS_DEPLOYMENT_TARGET = 26.2;
				LOCALIZATION_PREFERS_STRING_CATALOGS = YES;
				MTL_ENABLE_DEBUG_INFO = INCLUDE_SOURCE;
				MTL_FAST_MATH = YES;
				ONLY_ACTIVE_ARCH = YES;
				SDKROOT = iphoneos;
				SWIFT_ACTIVE_COMPILATION_CONDITIONS = "DEBUG $(inherited)";
				SWIFT_OPTIMIZATION_LEVEL = "-Onone";
			};
			name = Debug;
		};
		4C54C8C42FA802BF00EA7687 /* Release */ = {
			isa = XCBuildConfiguration;
			buildSettings = {
				ALWAYS_SEARCH_USER_PATHS = NO;
				ASSETCATALOG_COMPILER_GENERATE_SWIFT_ASSET_SYMBOL_EXTENSIONS = YES;
				CLANG_ANALYZER_NONNULL = YES;
				CLANG_ANALYZER_NUMBER_OBJECT_CONVERSION = YES_AGGRESSIVE;
				CLANG_CXX_LANGUAGE_STANDARD = "gnu++20";
				CLANG_ENABLE_MODULES = YES;
				CLANG_ENABLE_OBJC_ARC = YES;
				CLANG_ENABLE_OBJC_WEAK = YES;
				CLANG_WARN_BLOCK_CAPTURE_AUTORELEASING = YES;
				CLANG_WARN_BOOL_CONVERSION = YES;
				CLANG_WARN_COMMA = YES;
				CLANG_WARN_CONSTANT_CONVERSION = YES;
				CLANG_WARN_DEPRECATED_OBJC_IMPLEMENTATIONS = YES;
				CLANG_WARN_DIRECT_OBJC_ISA_USAGE = YES_ERROR;
				CLANG_WARN_DOCUMENTATION_COMMENTS = YES;
				CLANG_WARN_EMPTY_BODY = YES;
				CLANG_WARN_ENUM_CONVERSION = YES;
				CLANG_WARN_INFINITE_RECURSION = YES;
				CLANG_WARN_INT_CONVERSION = YES;
				CLANG_WARN_NON_LITERAL_NULL_CONVERSION = YES;
				CLANG_WARN_OBJC_IMPLICIT_RETAIN_SELF = YES;
				CLANG_WARN_OBJC_LITERAL_CONVERSION = YES;
				CLANG_WARN_OBJC_ROOT_CLASS = YES_ERROR;
				CLANG_WARN_QUOTED_INCLUDE_IN_FRAMEWORK_HEADER = YES;
				CLANG_WARN_RANGE_LOOP_ANALYSIS = YES;
				CLANG_WARN_STRICT_PROTOTYPES = YES;
				CLANG_WARN_SUSPICIOUS_MOVE = YES;
				CLANG_WARN_UNGUARDED_AVAILABILITY = YES_AGGRESSIVE;
				CLANG_WARN_UNREACHABLE_CODE = YES;
				CLANG_WARN__DUPLICATE_METHOD_MATCH = YES;
				COPY_PHASE_STRIP = NO;
				DEBUG_INFORMATION_FORMAT = "dwarf-with-dsym";
				DEVELOPMENT_TEAM = BJ9J6PJN8L;
				ENABLE_NS_ASSERTIONS = NO;
				ENABLE_STRICT_OBJC_MSGSEND = YES;
				ENABLE_USER_SCRIPT_SANDBOXING = YES;
				GCC_C_LANGUAGE_STANDARD = gnu17;
				GCC_NO_COMMON_BLOCKS = YES;
				GCC_WARN_64_TO_32_BIT_CONVERSION = YES;
				GCC_WARN_ABOUT_RETURN_TYPE = YES_ERROR;
				GCC_WARN_UNDECLARED_SELECTOR = YES;
				GCC_WARN_UNINITIALIZED_AUTOS = YES_AGGRESSIVE;
				GCC_WARN_UNUSED_FUNCTION = YES;
				GCC_WARN_UNUSED_VARIABLE = YES;
				IPHONEOS_DEPLOYMENT_TARGET = 26.2;
				LOCALIZATION_PREFERS_STRING_CATALOGS = YES;
				MTL_ENABLE_DEBUG_INFO = NO;
				MTL_FAST_MATH = YES;
				SDKROOT = iphoneos;
				SWIFT_COMPILATION_MODE = wholemodule;
				VALIDATE_PRODUCT = YES;
			};
			name = Release;
		};
		4C54C8C62FA802BF00EA7687 /* Debug */ = {
			isa = XCBuildConfiguration;
			buildSettings = {
				ASSETCATALOG_COMPILER_APPICON_NAME = AppIcon;
				ASSETCATALOG_COMPILER_GLOBAL_ACCENT_COLOR_NAME = AccentColor;
				CODE_SIGN_STYLE = Automatic;
				CURRENT_PROJECT_VERSION = 1;
				DEVELOPMENT_TEAM = BJ9J6PJN8L;
				ENABLE_PREVIEWS = YES;
				GENERATE_INFOPLIST_FILE = YES;
				INFOPLIST_FILE = Quaynor-Info.plist;
				INFOPLIST_KEY_UIApplicationSceneManifest_Generation = YES;
				INFOPLIST_KEY_UIApplicationSupportsIndirectInputEvents = YES;
				INFOPLIST_KEY_UILaunchScreen_Generation = YES;
				INFOPLIST_KEY_UISupportedInterfaceOrientations_iPad = "UIInterfaceOrientationPortrait UIInterfaceOrientationPortraitUpsideDown UIInterfaceOrientationLandscapeLeft UIInterfaceOrientationLandscapeRight";
				INFOPLIST_KEY_UISupportedInterfaceOrientations_iPhone = "UIInterfaceOrientationPortrait UIInterfaceOrientationLandscapeLeft UIInterfaceOrientationLandscapeRight";
				LD_RUNPATH_SEARCH_PATHS = (
					"$(inherited)",
					"@executable_path/Frameworks",
				);
				MARKETING_VERSION = 1.0;
				OTHER_LDFLAGS = (
					"$(inherited)",
					"-framework",
					Accelerate,
				);
				PRODUCT_BUNDLE_IDENTIFIER = "com.ibz.quaynor-swift";
				PRODUCT_NAME = "$(TARGET_NAME)";
				STRING_CATALOG_GENERATE_SYMBOLS = YES;
				SWIFT_APPROACHABLE_CONCURRENCY = YES;
				SWIFT_DEFAULT_ACTOR_ISOLATION = MainActor;
				SWIFT_EMIT_LOC_STRINGS = YES;
				SWIFT_UPCOMING_FEATURE_MEMBER_IMPORT_VISIBILITY = YES;
				SWIFT_VERSION = 5.0;
				TARGETED_DEVICE_FAMILY = "1,2";
			};
			name = Debug;
		};
		4C54C8C72FA802BF00EA7687 /* Release */ = {
			isa = XCBuildConfiguration;
			buildSettings = {
				ASSETCATALOG_COMPILER_APPICON_NAME = AppIcon;
				ASSETCATALOG_COMPILER_GLOBAL_ACCENT_COLOR_NAME = AccentColor;
				CODE_SIGN_STYLE = Automatic;
				CURRENT_PROJECT_VERSION = 1;
				DEVELOPMENT_TEAM = BJ9J6PJN8L;
				ENABLE_PREVIEWS = YES;
				GENERATE_INFOPLIST_FILE = YES;
				INFOPLIST_FILE = Quaynor-Info.plist;
				INFOPLIST_KEY_UIApplicationSceneManifest_Generation = YES;
				INFOPLIST_KEY_UIApplicationSupportsIndirectInputEvents = YES;
				INFOPLIST_KEY_UILaunchScreen_Generation = YES;
				INFOPLIST_KEY_UISupportedInterfaceOrientations_iPad = "UIInterfaceOrientationPortrait UIInterfaceOrientationPortraitUpsideDown UIInterfaceOrientationLandscapeLeft UIInterfaceOrientationLandscapeRight";
				INFOPLIST_KEY_UISupportedInterfaceOrientations_iPhone = "UIInterfaceOrientationPortrait UIInterfaceOrientationLandscapeLeft UIInterfaceOrientationLandscapeRight";
				LD_RUNPATH_SEARCH_PATHS = (
					"$(inherited)",
					"@executable_path/Frameworks",
				);
				MARKETING_VERSION = 1.0;
				OTHER_LDFLAGS = (
					"$(inherited)",
					"-framework",
					Accelerate,
				);
				PRODUCT_BUNDLE_IDENTIFIER = "com.ibz.quaynor-swift";
				PRODUCT_NAME = "$(TARGET_NAME)";
				STRING_CATALOG_GENERATE_SYMBOLS = YES;
				SWIFT_APPROACHABLE_CONCURRENCY = YES;
				SWIFT_DEFAULT_ACTOR_ISOLATION = MainActor;
				SWIFT_EMIT_LOC_STRINGS = YES;
				SWIFT_UPCOMING_FEATURE_MEMBER_IMPORT_VISIBILITY = YES;
				SWIFT_VERSION = 5.0;
				TARGETED_DEVICE_FAMILY = "1,2";
			};
			name = Release;
		};
		4C54C8C92FA802BF00EA7687 /* Debug */ = {
			isa = XCBuildConfiguration;
			buildSettings = {
				BUNDLE_LOADER = "$(TEST_HOST)";
				CODE_SIGN_STYLE = Automatic;
				CURRENT_PROJECT_VERSION = 1;
				DEVELOPMENT_TEAM = BJ9J6PJN8L;
				GENERATE_INFOPLIST_FILE = YES;
				IPHONEOS_DEPLOYMENT_TARGET = 26.2;
				MARKETING_VERSION = 1.0;
				PRODUCT_BUNDLE_IDENTIFIER = "com.ibz.quaynor-swiftTests";
				PRODUCT_NAME = "$(TARGET_NAME)";
				STRING_CATALOG_GENERATE_SYMBOLS = NO;
				SWIFT_APPROACHABLE_CONCURRENCY = YES;
				SWIFT_EMIT_LOC_STRINGS = NO;
				SWIFT_UPCOMING_FEATURE_MEMBER_IMPORT_VISIBILITY = YES;
				SWIFT_VERSION = 5.0;
				TARGETED_DEVICE_FAMILY = "1,2";
				TEST_HOST = "$(BUILT_PRODUCTS_DIR)/quaynor_swift.app/$(BUNDLE_EXECUTABLE_FOLDER_PATH)/quaynor_swift";
			};
			name = Debug;
		};
		4C54C8CA2FA802BF00EA7687 /* Release */ = {
			isa = XCBuildConfiguration;
			buildSettings = {
				BUNDLE_LOADER = "$(TEST_HOST)";
				CODE_SIGN_STYLE = Automatic;
				CURRENT_PROJECT_VERSION = 1;
				DEVELOPMENT_TEAM = BJ9J6PJN8L;
				GENERATE_INFOPLIST_FILE = YES;
				IPHONEOS_DEPLOYMENT_TARGET = 26.2;
				MARKETING_VERSION = 1.0;
				PRODUCT_BUNDLE_IDENTIFIER = "com.ibz.quaynor-swiftTests";
				PRODUCT_NAME = "$(TARGET_NAME)";
				STRING_CATALOG_GENERATE_SYMBOLS = NO;
				SWIFT_APPROACHABLE_CONCURRENCY = YES;
				SWIFT_EMIT_LOC_STRINGS = NO;
				SWIFT_UPCOMING_FEATURE_MEMBER_IMPORT_VISIBILITY = YES;
				SWIFT_VERSION = 5.0;
				TARGETED_DEVICE_FAMILY = "1,2";
				TEST_HOST = "$(BUILT_PRODUCTS_DIR)/quaynor_swift.app/$(BUNDLE_EXECUTABLE_FOLDER_PATH)/quaynor_swift";
			};
			name = Release;
		};
		4C54C8CC2FA802BF00EA7687 /* Debug */ = {
			isa = XCBuildConfiguration;
			buildSettings = {
				CODE_SIGN_STYLE = Automatic;
				CURRENT_PROJECT_VERSION = 1;
				DEVELOPMENT_TEAM = BJ9J6PJN8L;
				GENERATE_INFOPLIST_FILE = YES;
				MARKETING_VERSION = 1.0;
				PRODUCT_BUNDLE_IDENTIFIER = "com.ibz.quaynor-swiftUITests";
				PRODUCT_NAME = "$(TARGET_NAME)";
				STRING_CATALOG_GENERATE_SYMBOLS = NO;
				SWIFT_APPROACHABLE_CONCURRENCY = YES;
				SWIFT_EMIT_LOC_STRINGS = NO;
				SWIFT_UPCOMING_FEATURE_MEMBER_IMPORT_VISIBILITY = YES;
				SWIFT_VERSION = 5.0;
				TARGETED_DEVICE_FAMILY = "1,2";
				TEST_TARGET_NAME = quaynor_swift;
			};
			name = Debug;
		};
		4C54C8CD2FA802BF00EA7687 /* Release */ = {
			isa = XCBuildConfiguration;
			buildSettings = {
				CODE_SIGN_STYLE = Automatic;
				CURRENT_PROJECT_VERSION = 1;
				DEVELOPMENT_TEAM = BJ9J6PJN8L;
				GENERATE_INFOPLIST_FILE = YES;
				MARKETING_VERSION = 1.0;
				PRODUCT_BUNDLE_IDENTIFIER = "com.ibz.quaynor-swiftUITests";
				PRODUCT_NAME = "$(TARGET_NAME)";
				STRING_CATALOG_GENERATE_SYMBOLS = NO;
				SWIFT_APPROACHABLE_CONCURRENCY = YES;
				SWIFT_EMIT_LOC_STRINGS = NO;
				SWIFT_UPCOMING_FEATURE_MEMBER_IMPORT_VISIBILITY = YES;
				SWIFT_VERSION = 5.0;
				TARGETED_DEVICE_FAMILY = "1,2";
				TEST_TARGET_NAME = quaynor_swift;
			};
			name = Release;
		};
/* End XCBuildConfiguration section */

/* Begin XCConfigurationList section */
		4C54C89D2FA802BE00EA7687 /* Build configuration list for PBXProject "quaynor_swift" */ = {
			isa = XCConfigurationList;
			buildConfigurations = (
				4C54C8C32FA802BF00EA7687 /* Debug */,
				4C54C8C42FA802BF00EA7687 /* Release */,
			);
			defaultConfigurationIsVisible = 0;
			defaultConfigurationName = Release;
		};
		4C54C8C52FA802BF00EA7687 /* Build configuration list for PBXNativeTarget "quaynor_swift" */ = {
			isa = XCConfigurationList;
			buildConfigurations = (
				4C54C8C62FA802BF00EA7687 /* Debug */,
				4C54C8C72FA802BF00EA7687 /* Release */,
			);
			defaultConfigurationIsVisible = 0;
			defaultConfigurationName = Release;
		};
		4C54C8C82FA802BF00EA7687 /* Build configuration list for PBXNativeTarget "quaynor_swiftTests" */ = {
			isa = XCConfigurationList;
			buildConfigurations = (
				4C54C8C92FA802BF00EA7687 /* Debug */,
				4C54C8CA2FA802BF00EA7687 /* Release */,
			);
			defaultConfigurationIsVisible = 0;
			defaultConfigurationName = Release;
		};
		4C54C8CB2FA802BF00EA7687 /* Build configuration list for PBXNativeTarget "quaynor_swiftUITests" */ = {
			isa = XCConfigurationList;
			buildConfigurations = (
				4C54C8CC2FA802BF00EA7687 /* Debug */,
				4C54C8CD2FA802BF00EA7687 /* Release */,
			);
			defaultConfigurationIsVisible = 0;
			defaultConfigurationName = Release;
		};
/* End XCConfigurationList section */
	};
	rootObject = 4C54C89A2FA802BE00EA7687 /* Project object */;
}
